
Microsoft Visual Studio Solution File, Format Version 12.00
Project("{2150E333-8FDC-42A3-9474-1A3956D46DE8}") = "CustomerService", "CustomerService", "{5D283EFF-4991-4652-9434-4EDE5AD0222A}"
EndProject
Project("{FAE04EC0-301F-11D3-BF4B-00C04F79EFBC}") = "CustomerAPI", "CustomerService\CustomerAPI\CustomerAPI.csproj", "{883AC01D-6987-4F29-8FEE-547116F93A09}"
EndProject
Project("{FAE04EC0-301F-11D3-BF4B-00C04F79EFBC}") = "CustomerAPI_ApplicationCore", "CustomerService\CustomerAPI_ApplicationCore\CustomerAPI_ApplicationCore.csproj", "{A8E07501-C9D2-478E-8ABD-0CA41BE801A6}"
EndProject
Project("{FAE04EC0-301F-11D3-BF4B-00C04F79EFBC}") = "CustomerAPI_Infrastructure", "CustomerService\CustomerAPI_Infrastructure\CustomerAPI_Infrastructure.csproj", "{D5D71697-286A-4B6E-A4BE-6E17E3ECBE21}"
EndProject
Project("{2150E333-8FDC-42A3-9474-1A3956D46DE8}") = "Solution Items", "Solution Items", "{485C0A9F-02BB-4211-9EFE-B956E1FA19DE}"
	ProjectSection(SolutionItems) = preProject
		docker-compose.yml = docker-compose.yml
	EndProjectSection
EndProject
Project("{2150E333-8FDC-42A3-9474-1A3956D46DE8}") = "APIGatewayService", "APIGatewayService", "{8F8894A1-E811-41CA-87C9-1BD627F1DC8F}"
EndProject
Project("{FAE04EC0-301F-11D3-BF4B-00C04F79EFBC}") = "APIGateway", "APIGatewayService\APIGateway\APIGateway.csproj", "{5A2DB5D4-33CD-4C42-B3A6-B25A75553A0A}"
EndProject
Project("{2150E333-8FDC-42A3-9474-1A3956D46DE8}") = "OrderService", "OrderService", "{A367AB5B-9DA8-4783-A0C3-271F94A9C883}"
EndProject
Project("{FAE04EC0-301F-11D3-BF4B-00C04F79EFBC}") = "OrderAPI", "OrderService\OrderAPI\OrderAPI.csproj", "{1C2973AF-0C55-4F7B-B991-C3259F403C60}"
EndProject
Project("{FAE04EC0-301F-11D3-BF4B-00C04F79EFBC}") = "OrderAPI_ApplicationCore", "OrderService\OrderAPI_ApplicationCore\OrderAPI_ApplicationCore.csproj", "{409867A4-B010-44BA-8D2C-73C5B1E2D30A}"
EndProject
Project("{2150E333-8FDC-42A3-9474-1A3956D46DE8}") = "ProductService", "ProductService", "{6EB50F88-B889-4FBE-AABF-A1EA17FC151A}"
EndProject
Project("{FAE04EC0-301F-11D3-BF4B-00C04F79EFBC}") = "ProductAPI", "ProductService\ProductAPI\ProductAPI.csproj", "{569671DA-A803-4485-8F6B-587660E13918}"
EndProject
Project("{FAE04EC0-301F-11D3-BF4B-00C04F79EFBC}") = "ProductAPI_ApplicationCore", "ProductService\ProductAPI_ApplicationCore\ProductAPI_ApplicationCore.csproj", "{C04E6C89-A5D1-422B-AC20-6ED3301C8FEB}"
EndProject
Project("{2150E333-8FDC-42A3-9474-1A3956D46DE8}") = "ShipperService", "ShipperService", "{4AD32132-0C97-45F8-A861-CB356D254B7E}"
EndProject
Project("{FAE04EC0-301F-11D3-BF4B-00C04F79EFBC}") = "ShipperAPI", "ShipperService\ShipperAPI\ShipperAPI.csproj", "{BC2887DC-5950-4289-A62C-F14B70A89A08}"
EndProject
Project("{FAE04EC0-301F-11D3-BF4B-00C04F79EFBC}") = "ShipperAPI_ApplicationCore", "ShipperService\ShipperAPI_ApplicationCore\ShipperAPI_ApplicationCore.csproj", "{06D90330-107F-4C35-9575-3B8108B05D0D}"
EndProject
Project("{FAE04EC0-301F-11D3-BF4B-00C04F79EFBC}") = "OrderAPI_Infrastructure", "OrderService\OrderAPI_Infrastructure\OrderAPI_Infrastructure.csproj", "{9303B932-03D0-4526-B563-BE603B0D266A}"
EndProject
Project("{FAE04EC0-301F-11D3-BF4B-00C04F79EFBC}") = "ProductAPI_Infrastructure", "ProductService\ProductAPI_Infrastructure\ProductAPI_Infrastructure.csproj", "{EEAC57FC-0175-418C-8BA9-916BB4E767BD}"
EndProject
Project("{FAE04EC0-301F-11D3-BF4B-00C04F79EFBC}") = "ShipperAPI_Infrastructure", "ShipperService\ShipperAPI_Infrastructure\ShipperAPI_Infrastructure.csproj", "{5DA72D8F-E248-4AFE-AC15-608E6E229FFB}"
EndProject
Global
	GlobalSection(SolutionConfigurationPlatforms) = preSolution
		Debug|Any CPU = Debug|Any CPU
		Release|Any CPU = Release|Any CPU
	EndGlobalSection
	GlobalSection(NestedProjects) = preSolution
		{883AC01D-6987-4F29-8FEE-547116F93A09} = {5D283EFF-4991-4652-9434-4EDE5AD0222A}
		{A8E07501-C9D2-478E-8ABD-0CA41BE801A6} = {5D283EFF-4991-4652-9434-4EDE5AD0222A}
		{D5D71697-286A-4B6E-A4BE-6E17E3ECBE21} = {5D283EFF-4991-4652-9434-4EDE5AD0222A}
		{5A2DB5D4-33CD-4C42-B3A6-B25A75553A0A} = {8F8894A1-E811-41CA-87C9-1BD627F1DC8F}
		{1C2973AF-0C55-4F7B-B991-C3259F403C60} = {A367AB5B-9DA8-4783-A0C3-271F94A9C883}
		{409867A4-B010-44BA-8D2C-73C5B1E2D30A} = {A367AB5B-9DA8-4783-A0C3-271F94A9C883}
		{569671DA-A803-4485-8F6B-587660E13918} = {6EB50F88-B889-4FBE-AABF-A1EA17FC151A}
		{C04E6C89-A5D1-422B-AC20-6ED3301C8FEB} = {6EB50F88-B889-4FBE-AABF-A1EA17FC151A}
		{BC2887DC-5950-4289-A62C-F14B70A89A08} = {4AD32132-0C97-45F8-A861-CB356D254B7E}
		{06D90330-107F-4C35-9575-3B8108B05D0D} = {4AD32132-0C97-45F8-A861-CB356D254B7E}
		{9303B932-03D0-4526-B563-BE603B0D266A} = {A367AB5B-9DA8-4783-A0C3-271F94A9C883}
		{EEAC57FC-0175-418C-8BA9-916BB4E767BD} = {6EB50F88-B889-4FBE-AABF-A1EA17FC151A}
		{5DA72D8F-E248-4AFE-AC15-608E6E229FFB} = {4AD32132-0C97-45F8-A861-CB356D254B7E}
	EndGlobalSection
	GlobalSection(ProjectConfigurationPlatforms) = postSolution
		{883AC01D-6987-4F29-8FEE-547116F93A09}.Debug|Any CPU.ActiveCfg = Debug|Any CPU
		{883AC01D-6987-4F29-8FEE-547116F93A09}.Debug|Any CPU.Build.0 = Debug|Any CPU
		{883AC01D-6987-4F29-8FEE-547116F93A09}.Release|Any CPU.ActiveCfg = Release|Any CPU
		{883AC01D-6987-4F29-8FEE-547116F93A09}.Release|Any CPU.Build.0 = Release|Any CPU
		{A8E07501-C9D2-478E-8ABD-0CA41BE801A6}.Debug|Any CPU.ActiveCfg = Debug|Any CPU
		{A8E07501-C9D2-478E-8ABD-0CA41BE801A6}.Debug|Any CPU.Build.0 = Debug|Any CPU
		{A8E07501-C9D2-478E-8ABD-0CA41BE801A6}.Release|Any CPU.ActiveCfg = Release|Any CPU
		{A8E07501-C9D2-478E-8ABD-0CA41BE801A6}.Release|Any CPU.Build.0 = Release|Any CPU
		{D5D71697-286A-4B6E-A4BE-6E17E3ECBE21}.Debug|Any CPU.ActiveCfg = Debug|Any CPU
		{D5D71697-286A-4B6E-A4BE-6E17E3ECBE21}.Debug|Any CPU.Build.0 = Debug|Any CPU
		{D5D71697-286A-4B6E-A4BE-6E17E3ECBE21}.Release|Any CPU.ActiveCfg = Release|Any CPU
		{D5D71697-286A-4B6E-A4BE-6E17E3ECBE21}.Release|Any CPU.Build.0 = Release|Any CPU
		{5A2DB5D4-33CD-4C42-B3A6-B25A75553A0A}.Debug|Any CPU.ActiveCfg = Debug|Any CPU
		{5A2DB5D4-33CD-4C42-B3A6-B25A75553A0A}.Debug|Any CPU.Build.0 = Debug|Any CPU
		{5A2DB5D4-33CD-4C42-B3A6-B25A75553A0A}.Release|Any CPU.ActiveCfg = Release|Any CPU
		{5A2DB5D4-33CD-4C42-B3A6-B25A75553A0A}.Release|Any CPU.Build.0 = Release|Any CPU
		{1C2973AF-0C55-4F7B-B991-C3259F403C60}.Debug|Any CPU.ActiveCfg = Debug|Any CPU
		{1C2973AF-0C55-4F7B-B991-C3259F403C60}.Debug|Any CPU.Build.0 = Debug|Any CPU
		{1C2973AF-0C55-4F7B-B991-C3259F403C60}.Release|Any CPU.ActiveCfg = Release|Any CPU
		{1C2973AF-0C55-4F7B-B991-C3259F403C60}.Release|Any CPU.Build.0 = Release|Any CPU
		{409867A4-B010-44BA-8D2C-73C5B1E2D30A}.Debug|Any CPU.ActiveCfg = Debug|Any CPU
		{409867A4-B010-44BA-8D2C-73C5B1E2D30A}.Debug|Any CPU.Build.0 = Debug|Any CPU
		{409867A4-B010-44BA-8D2C-73C5B1E2D30A}.Release|Any CPU.ActiveCfg = Release|Any CPU
		{409867A4-B010-44BA-8D2C-73C5B1E2D30A}.Release|Any CPU.Build.0 = Release|Any CPU
		{569671DA-A803-4485-8F6B-587660E13918}.Debug|Any CPU.ActiveCfg = Debug|Any CPU
		{569671DA-A803-4485-8F6B-587660E13918}.Debug|Any CPU.Build.0 = Debug|Any CPU
		{569671DA-A803-4485-8F6B-587660E13918}.Release|Any CPU.ActiveCfg = Release|Any CPU
		{569671DA-A803-4485-8F6B-587660E13918}.Release|Any CPU.Build.0 = Release|Any CPU
		{C04E6C89-A5D1-422B-AC20-6ED3301C8FEB}.Debug|Any CPU.ActiveCfg = Debug|Any CPU
		{C04E6C89-A5D1-422B-AC20-6ED3301C8FEB}.Debug|Any CPU.Build.0 = Debug|Any CPU
		{C04E6C89-A5D1-422B-AC20-6ED3301C8FEB}.Release|Any CPU.ActiveCfg = Release|Any CPU
		{C04E6C89-A5D1-422B-AC20-6ED3301C8FEB}.Release|Any CPU.Build.0 = Release|Any CPU
		{BC2887DC-5950-4289-A62C-F14B70A89A08}.Debug|Any CPU.ActiveCfg = Debug|Any CPU
		{BC2887DC-5950-4289-A62C-F14B70A89A08}.Debug|Any CPU.Build.0 = Debug|Any CPU
		{BC2887DC-5950-4289-A62C-F14B70A89A08}.Release|Any CPU.ActiveCfg = Release|Any CPU
		{BC2887DC-5950-4289-A62C-F14B70A89A08}.Release|Any CPU.Build.0 = Release|Any CPU
		{06D90330-107F-4C35-9575-3B8108B05D0D}.Debug|Any CPU.ActiveCfg = Debug|Any CPU
		{06D90330-107F-4C35-9575-3B8108B05D0D}.Debug|Any CPU.Build.0 = Debug|Any CPU
		{06D90330-107F-4C35-9575-3B8108B05D0D}.Release|Any CPU.ActiveCfg = Release|Any CPU
		{06D90330-107F-4C35-9575-3B8108B05D0D}.Release|Any CPU.Build.0 = Release|Any CPU
		{9303B932-03D0-4526-B563-BE603B0D266A}.Debug|Any CPU.ActiveCfg = Debug|Any CPU
		{9303B932-03D0-4526-B563-BE603B0D266A}.Debug|Any CPU.Build.0 = Debug|Any CPU
		{9303B932-03D0-4526-B563-BE603B0D266A}.Release|Any CPU.ActiveCfg = Release|Any CPU
		{9303B932-03D0-4526-B563-BE603B0D266A}.Release|Any CPU.Build.0 = Release|Any CPU
		{EEAC57FC-0175-418C-8BA9-916BB4E767BD}.Debug|Any CPU.ActiveCfg = Debug|Any CPU
		{EEAC57FC-0175-418C-8BA9-916BB4E767BD}.Debug|Any CPU.Build.0 = Debug|Any CPU
		{EEAC57FC-0175-418C-8BA9-916BB4E767BD}.Release|Any CPU.ActiveCfg = Release|Any CPU
		{EEAC57FC-0175-418C-8BA9-916BB4E767BD}.Release|Any CPU.Build.0 = Release|Any CPU
		{5DA72D8F-E248-4AFE-AC15-608E6E229FFB}.Debug|Any CPU.ActiveCfg = Debug|Any CPU
		{5DA72D8F-E248-4AFE-AC15-608E6E229FFB}.Debug|Any CPU.Build.0 = Debug|Any CPU
		{5DA72D8F-E248-4AFE-AC15-608E6E229FFB}.Release|Any CPU.ActiveCfg = Release|Any CPU
		{5DA72D8F-E248-4AFE-AC15-608E6E229FFB}.Release|Any CPU.Build.0 = Release|Any CPU
	EndGlobalSection
EndGlobal
